# This file is autogenerated, do not edit; changes may be undone by the next 'dep ensure'.


[[projects]]
  branch = "master"
  name = "github.com/spacemonkeygo/flagfile"
  packages = [".","parser","utils"]
  revision = "aec8f353c0832daeaeb6a1bd09a9bf6f8fc677ae"

[[projects]]
  branch = "master"
  name = "github.com/spacemonkeygo/monotime"
  packages = [".","_cgo"]
  revision = "7067dc99a42a3d5214038549d4b677779c21d5c2"

[[projects]]
  branch = "master"
  name = "github.com/spacemonkeygo/spacelog"
  packages = [".","setup"]
  revision = "081216856ee01315ad130cb9ccd5d2a40624c619"

[[projects]]
  branch = "master"
  name = "github.com/zeebo/errs"
  packages = ["."]
  revision = "08f08a1132e5cbf2c0708b6acdaad6bfbc14aadd"

[[projects]]
  branch = "master"
  name = "github.com/zeebo/float16"
  packages = ["."]
  revision = "b97e955423666e5757900ffe8e816bacc557fdcf"

[[projects]]
  branch = "master"
  name = "github.com/zeebo/incenc"
  packages = ["."]
  revision = "77cc6a3ccce1b9f8ea8ef000233f476192494b55"

[[projects]]
  branch = "master"
  name = "golang.org/x/net"
  packages = ["context"]
  revision = "42fe2e1c20de1054d3d30f82cc9fb5b41e2e3767"

[[projects]]
  branch = "master"
  name = "golang.org/x/sys"
  packages = ["unix"]
  revision = "12d9d5b28165b1684fdc69be47f71a36d85e9a2a"

[[projects]]
  branch = "v2"
  name = "gopkg.in/spacemonkeygo/monkit.v2"
  packages = [".","environment"]
  revision = "e7421f5751da24f8716d8beb0482e00920c07c48"

[solve-meta]
  analyzer-name = "dep"
  analyzer-version = 1
  inputs-digest = "59a10036374be3bfc943cd341bd6560ae872b34e0d6adf5a2b75f047b91cdca0"
  solver-name = "gps-cdcl"
  solver-version = 1
